name: fpga-interchange
channels:
  - litex-hub
  - defaults
dependencies:
  - _libgcc_mutex=0.1=main
  - _openmp_mutex=5.1=1_gnu
  - binutils-riscv64-elf=2.34=20220706_160221
  - bzip2=1.0.8=h7b6447c_0
  - ca-certificates=2023.01.10=h06a4308_0
  - capnproto=0.9.1=h4ff587b_0
  - capnproto-java=0.1.5_0012_g44a8c1e=20201104_165332
  - certifi=2022.12.7=py37h06a4308_0
  - cloog=0.18.0=0
  - expat=2.4.9=h6a678d5_0
  - fontconfig=2.14.1=h4c34cd2_2
  - freetype=2.12.1=h4a9f257_0
  - gcc-riscv64-elf-newlib=9.2.0=20201119_154229
  - gcc-riscv64-elf-nostdc=9.2.0=20210923_213204
  - gmp=6.2.1=h295c915_3
  - icu=58.2=he6710b0_3
  - isl=0.21=20210924_145025
  - iverilog=0_8_5850_g540555fc=20210730_085634
  - ld_impl_linux-64=2.38=h1181459_1
  - libboost=1.73.0=h28710b8_12
  - libffi=3.4.2=h6a678d5_6
  - libgcc-ng=11.2.0=h1234567_1
  - libgomp=11.2.0=h1234567_1
  - libpng=1.6.39=h5eee18b_0
  - libstdcxx-ng=11.2.0=h1234567_1
  - libuuid=1.41.5=h5eee18b_0
  - libxml2=2.10.3=hcbfbd50_0
  - lz4-c=1.9.4=h6a678d5_0
  - mpc=1.1.0=h10f8cd9_1
  - mpfr=4.0.2=hb69a4c5_1
  - ncurses=6.4=h6a678d5_0
  - nextpnr-fpga_interchange=0.5_98_gb36e8a30=20230225_164303_py37
  - openssl=1.1.1t=h7f8727e_0
  - packaging=21.3=pyhd3eb1b0_0
  - pcre=8.45=h295c915_0
  - pip=21.1.3=py37h06a4308_0
  - prjoxide=v0.0_398_g711770c=20210730_085634
  - prjxray-db=0.0_257_g0a0adde=20230225_164303
  - prjxray-tools=0.1_3164_g76401bd9=20230225_164303
  - py-boost=1.73.0=py37h51133e4_12
  - pyparsing=3.0.9=py37h06a4308_0
  - python=3.7.16=h7a1cb2a_0
  - readline=8.2=h5eee18b_0
  - setuptools=65.6.3=py37h06a4308_0
  - sqlite=3.41.1=h5eee18b_0
  - swig=4.0.2=h295c915_4
  - tbb=2021.8.0=hdb19cb5_0
  - tk=8.6.12=h1ccaba5_0
  - vtr-optimized=8.0.0_6959_ga7fae8fb2=20230131_213614
  - wheel=0.38.4=py37h06a4308_0
  - xz=5.2.10=h5eee18b_1
  - yosys=0.27_23_g53c0a6b78=20230225_164303_py37
  - zlib=1.2.13=h5eee18b_0
  - zstd=1.5.4=hc292b87_0
  - pip:
    - Arpeggio==2.0.0
    - charset-normalizer==3.1.0
    - colorama==0.4.6
    - fasm==0.0.2.post88
    - fasm2bels @ git+https://github.com/SymbiFlow/f4pga-xc-fasm2bels.git@bafbcd8727e0807d6a620d1cf5dd151111c4a322
    - idna==3.4
    - intervaltree==3.1.0
    - lxml==4.9.2
    - ninja==1.11.1
    - numpy==1.21.6
    - parameterized==0.9.0
    - prjxray @ git+https://github.com/f4pga/prjxray.git@76401bd93e493fd5ff4c2af4751d12105b0f4f6d
    - progressbar2==4.2.0
    - psutil==5.9.4
    - pycapnp==1.1.0
    - pyjson5==1.6.2
    - pyserial==3.5
    - python-sat==0.1.8.dev2
    - python-utils==3.5.2
    - pythondata-cpu-vexriscv @ git+https://github.com/litex-hub/pythondata-cpu-vexriscv@a36d99eeea984c261e16b744fc1d287c81099777
    - pythondata-cpu-vexriscv-smp @ git+https://github.com/litex-hub/pythondata-cpu-vexriscv_smp@98d6db6d44e0b543715ac3af4fb6fa415284fb24
    - PyYAML==6.0
    - rapidyaml==0.2.2
    - requests==2.28.2
    - rr-graph==0.0.1.post22
    - simplejson==3.18.4
    - six==1.16.0
    - sortedcontainers==2.4.0
    - textX==3.1.1
    - typing-extensions==4.5.0
    - urllib3==1.26.15
    - xc-fasm @ git+https://github.com/chipsalliance/f4pga-xc-fasm.git@25dc605c9c0896204f0c3425b52a332034cf5e5c
    - -e third_party/python-fpga-interchange
    - -e third_party/litex
    - -e third_party/litex-boards
    - -e third_party/litedram
    - -e third_party/liteeth
    - -e third_party/liteiclink
    - -e third_party/pythondata-software-compiler_rt
    - -e third_party/migen
prefix: /usr/share/miniconda/envs/fpga-interchange

