# Copyright (C) 2022 F4PGA Authors.
#
# Use of this source code is governed by a ISC-style
# license that can be found in the LICENSE file or at
# https://opensource.org/licenses/ISC
#
# SPDX-License-Identifier:ISC

name: update_conda_lock

on:
  push:
  pull_request:
  schedule:
    - cron: '0 3 * * *'
  workflow_dispatch:

jobs:
  update-locks:
    runs-on: ubuntu-18.04
    strategy:
      fail-fast: false
    steps:
    - name: Checkout Repository
      uses: actions/checkout@v3
      with:
        fetch-depth: 0
        submodules:  'recursive'
        ssh-key: ${{ secrets.SSH_DEPLOY_KEY }}

    - name: Install prerequisites
      run: |
        python3 -m pip install setuptools

    - name: Update Conda Lock
      uses: f4pga/actions/update_conda_lock@8ed9d1c014e69f692474a96210a3344588f23f84
      with:
        conda_lock_file:  'conda_lock.yml'
        environment_file: 'environment.yml'

    - name: Check diff
      id: check-diff
      run: |
        if [[ $(git status --porcelain --ignore-submodules)  ]]; then echo "::set-output name=changes::true"; else echo "::set-output name=changes::false"; fi

    - name: Issue Pull Request
      if: ${{ github.ref == 'refs/heads/main' && steps.check-diff.outputs.changes == 'true' }}
      uses: peter-evans/create-pull-request@v4
      with:
        token: ${{ secrets.GITHUB_TOKEN }}
        author: GitHub <noreply@github.com>
        commit-message: "[BOT] Conda Lock Update"
        title: "[BOT] Conda Lock Update"
        body: Pull Request created by the conda lock update workflow.
        branch: bot-conda-lock-update
        labels: bot-conda-lock-update,merge-if-green
        delete-branch: true
        signoff: true
